
Microsoft Visual Studio Solution File, Format Version 12.00
Project("{2150E333-8FDC-42A3-9474-1A3956D46DE8}") = "Solution Items", "Solution Items", "{6CDC4502-F9F4-4CE9-991A-CB380B26A3D0}"
	ProjectSection(SolutionItems) = preProject
		docker-compose.yml = docker-compose.yml
	EndProjectSection
EndProject
Project("{FAE04EC0-301F-11D3-BF4B-00C04F79EFBC}") = "MoneyWave.Api", "MoneyWave.Api\MoneyWave.Api.csproj", "{9BCB6382-410A-492D-B52B-C1316921D7AA}"
EndProject
Project("{FAE04EC0-301F-11D3-BF4B-00C04F79EFBC}") = "Core", "Core\Core.csproj", "{AFF4951F-470E-4F1B-BA98-2C750B98F166}"
EndProject
Project("{FAE04EC0-301F-11D3-BF4B-00C04F79EFBC}") = "Core.WebApi", "Core.WebApi\Core.WebApi.csproj", "{BBF3E2C4-322B-4A75-8111-AD0AF8B7DDFA}"
EndProject
Project("{2150E333-8FDC-42A3-9474-1A3956D46DE8}") = "Core", "Core", "{1BD93ABE-C6E7-41F5-B1EE-362643643050}"
EndProject
Project("{FAE04EC0-301F-11D3-BF4B-00C04F79EFBC}") = "Core.EventStoreDb", "Core.EventStoreDb\Core.EventStoreDb.csproj", "{C60DF19D-D83E-4837-B40D-CCCF2CBB8598}"
EndProject
Project("{FAE04EC0-301F-11D3-BF4B-00C04F79EFBC}") = "Core.Serialization", "Core.Serialization\Core.Serialization.csproj", "{898D9C79-C817-4DC0-B085-4153853AF0CD}"
EndProject
Project("{FAE04EC0-301F-11D3-BF4B-00C04F79EFBC}") = "Core.Marten", "Core.Marten\Core.Marten.csproj", "{8EB45317-7061-4E18-846D-456E3C5207FF}"
EndProject
Project("{2150E333-8FDC-42A3-9474-1A3956D46DE8}") = "Modules", "Modules", "{23265ECA-7DD0-41DB-BB3F-64599C6C1AB9}"
EndProject
Project("{FAE04EC0-301F-11D3-BF4B-00C04F79EFBC}") = "MoneyWave.UserAccounts", "MoneyWave.UserAccounts\MoneyWave.UserAccounts.csproj", "{6E51702F-6191-4885-8550-A8CF6F921132}"
EndProject
Global
	GlobalSection(SolutionConfigurationPlatforms) = preSolution
		Debug|Any CPU = Debug|Any CPU
		Release|Any CPU = Release|Any CPU
	EndGlobalSection
	GlobalSection(NestedProjects) = preSolution
		{AFF4951F-470E-4F1B-BA98-2C750B98F166} = {1BD93ABE-C6E7-41F5-B1EE-362643643050}
		{BBF3E2C4-322B-4A75-8111-AD0AF8B7DDFA} = {1BD93ABE-C6E7-41F5-B1EE-362643643050}
		{C60DF19D-D83E-4837-B40D-CCCF2CBB8598} = {1BD93ABE-C6E7-41F5-B1EE-362643643050}
		{898D9C79-C817-4DC0-B085-4153853AF0CD} = {1BD93ABE-C6E7-41F5-B1EE-362643643050}
		{8EB45317-7061-4E18-846D-456E3C5207FF} = {1BD93ABE-C6E7-41F5-B1EE-362643643050}
		{6E51702F-6191-4885-8550-A8CF6F921132} = {23265ECA-7DD0-41DB-BB3F-64599C6C1AB9}
	EndGlobalSection
	GlobalSection(ProjectConfigurationPlatforms) = postSolution
		{9BCB6382-410A-492D-B52B-C1316921D7AA}.Debug|Any CPU.ActiveCfg = Debug|Any CPU
		{9BCB6382-410A-492D-B52B-C1316921D7AA}.Debug|Any CPU.Build.0 = Debug|Any CPU
		{9BCB6382-410A-492D-B52B-C1316921D7AA}.Release|Any CPU.ActiveCfg = Release|Any CPU
		{9BCB6382-410A-492D-B52B-C1316921D7AA}.Release|Any CPU.Build.0 = Release|Any CPU
		{AFF4951F-470E-4F1B-BA98-2C750B98F166}.Debug|Any CPU.ActiveCfg = Debug|Any CPU
		{AFF4951F-470E-4F1B-BA98-2C750B98F166}.Debug|Any CPU.Build.0 = Debug|Any CPU
		{AFF4951F-470E-4F1B-BA98-2C750B98F166}.Release|Any CPU.ActiveCfg = Release|Any CPU
		{AFF4951F-470E-4F1B-BA98-2C750B98F166}.Release|Any CPU.Build.0 = Release|Any CPU
		{BBF3E2C4-322B-4A75-8111-AD0AF8B7DDFA}.Debug|Any CPU.ActiveCfg = Debug|Any CPU
		{BBF3E2C4-322B-4A75-8111-AD0AF8B7DDFA}.Debug|Any CPU.Build.0 = Debug|Any CPU
		{BBF3E2C4-322B-4A75-8111-AD0AF8B7DDFA}.Release|Any CPU.ActiveCfg = Release|Any CPU
		{BBF3E2C4-322B-4A75-8111-AD0AF8B7DDFA}.Release|Any CPU.Build.0 = Release|Any CPU
		{C60DF19D-D83E-4837-B40D-CCCF2CBB8598}.Debug|Any CPU.ActiveCfg = Debug|Any CPU
		{C60DF19D-D83E-4837-B40D-CCCF2CBB8598}.Debug|Any CPU.Build.0 = Debug|Any CPU
		{C60DF19D-D83E-4837-B40D-CCCF2CBB8598}.Release|Any CPU.ActiveCfg = Release|Any CPU
		{C60DF19D-D83E-4837-B40D-CCCF2CBB8598}.Release|Any CPU.Build.0 = Release|Any CPU
		{898D9C79-C817-4DC0-B085-4153853AF0CD}.Debug|Any CPU.ActiveCfg = Debug|Any CPU
		{898D9C79-C817-4DC0-B085-4153853AF0CD}.Debug|Any CPU.Build.0 = Debug|Any CPU
		{898D9C79-C817-4DC0-B085-4153853AF0CD}.Release|Any CPU.ActiveCfg = Release|Any CPU
		{898D9C79-C817-4DC0-B085-4153853AF0CD}.Release|Any CPU.Build.0 = Release|Any CPU
		{8EB45317-7061-4E18-846D-456E3C5207FF}.Debug|Any CPU.ActiveCfg = Debug|Any CPU
		{8EB45317-7061-4E18-846D-456E3C5207FF}.Debug|Any CPU.Build.0 = Debug|Any CPU
		{8EB45317-7061-4E18-846D-456E3C5207FF}.Release|Any CPU.ActiveCfg = Release|Any CPU
		{8EB45317-7061-4E18-846D-456E3C5207FF}.Release|Any CPU.Build.0 = Release|Any CPU
		{6E51702F-6191-4885-8550-A8CF6F921132}.Debug|Any CPU.ActiveCfg = Debug|Any CPU
		{6E51702F-6191-4885-8550-A8CF6F921132}.Debug|Any CPU.Build.0 = Debug|Any CPU
		{6E51702F-6191-4885-8550-A8CF6F921132}.Release|Any CPU.ActiveCfg = Release|Any CPU
		{6E51702F-6191-4885-8550-A8CF6F921132}.Release|Any CPU.Build.0 = Release|Any CPU
	EndGlobalSection
EndGlobal
